
Microsoft Visual Studio Solution File, Format Version 12.00
# Visual Studio Version 16
VisualStudioVersion = 16.0.31105.61
MinimumVisualStudioVersion = 10.0.40219.1
Project("{FAE04EC0-301F-11D3-BF4B-00C04F79EFBC}") = "Yapilacaklar.API", "Yapilacaklar.API\Yapilacaklar.API.csproj", "{6753EF69-E175-4242-B848-77AF21AFEFF7}"
EndProject
Project("{FAE04EC0-301F-11D3-BF4B-00C04F79EFBC}") = "Yapilacaklar.Core", "Yapilacaklar.Core\Yapilacaklar.Core.csproj", "{257A5770-E29D-4EAF-92C8-982176187EFF}"
EndProject
Project("{FAE04EC0-301F-11D3-BF4B-00C04F79EFBC}") = "Yapilacaklar.Data", "Yapilacaklar.Data\Yapilacaklar.Data.csproj", "{2B28983F-BA11-4775-953C-108C9082841C}"
EndProject
Project("{FAE04EC0-301F-11D3-BF4B-00C04F79EFBC}") = "Yapilacaklar.Service", "Yapilacaklar.Service\Yapilacaklar.Service.csproj", "{5836D1AA-C8D1-41D5-B5F8-F0B606617067}"
EndProject
Global
	GlobalSection(SolutionConfigurationPlatforms) = preSolution
		Debug|Any CPU = Debug|Any CPU
		Release|Any CPU = Release|Any CPU
	EndGlobalSection
	GlobalSection(ProjectConfigurationPlatforms) = postSolution
		{6753EF69-E175-4242-B848-77AF21AFEFF7}.Debug|Any CPU.ActiveCfg = Debug|Any CPU
		{6753EF69-E175-4242-B848-77AF21AFEFF7}.Debug|Any CPU.Build.0 = Debug|Any CPU
		{6753EF69-E175-4242-B848-77AF21AFEFF7}.Release|Any CPU.ActiveCfg = Release|Any CPU
		{6753EF69-E175-4242-B848-77AF21AFEFF7}.Release|Any CPU.Build.0 = Release|Any CPU
		{257A5770-E29D-4EAF-92C8-982176187EFF}.Debug|Any CPU.ActiveCfg = Debug|Any CPU
		{257A5770-E29D-4EAF-92C8-982176187EFF}.Debug|Any CPU.Build.0 = Debug|Any CPU
		{257A5770-E29D-4EAF-92C8-982176187EFF}.Release|Any CPU.ActiveCfg = Release|Any CPU
		{257A5770-E29D-4EAF-92C8-982176187EFF}.Release|Any CPU.Build.0 = Release|Any CPU
		{2B28983F-BA11-4775-953C-108C9082841C}.Debug|Any CPU.ActiveCfg = Debug|Any CPU
		{2B28983F-BA11-4775-953C-108C9082841C}.Debug|Any CPU.Build.0 = Debug|Any CPU
		{2B28983F-BA11-4775-953C-108C9082841C}.Release|Any CPU.ActiveCfg = Release|Any CPU
		{2B28983F-BA11-4775-953C-108C9082841C}.Release|Any CPU.Build.0 = Release|Any CPU
		{5836D1AA-C8D1-41D5-B5F8-F0B606617067}.Debug|Any CPU.ActiveCfg = Debug|Any CPU
		{5836D1AA-C8D1-41D5-B5F8-F0B606617067}.Debug|Any CPU.Build.0 = Debug|Any CPU
		{5836D1AA-C8D1-41D5-B5F8-F0B606617067}.Release|Any CPU.ActiveCfg = Release|Any CPU
		{5836D1AA-C8D1-41D5-B5F8-F0B606617067}.Release|Any CPU.Build.0 = Release|Any CPU
	EndGlobalSection
	GlobalSection(SolutionProperties) = preSolution
		HideSolutionNode = FALSE
	EndGlobalSection
	GlobalSection(ExtensibilityGlobals) = postSolution
		SolutionGuid = {77DD08DD-DAC9-4F3C-A451-5257C3F62C41}
	EndGlobalSection
EndGlobal
